<?xml version="1.0" encoding="utf-8"?>
<Project ToolsVersion="4.0" xmlns="http://schemas.microsoft.com/developer/msbuild/2003">
  <ItemGroup>
    <Filter Include="Header Files">
      <UniqueIdentifier>{93995380-89BD-4b04-88EB-625FBE52EBFB}</UniqueIdentifier>
      <Extensions>h;hh;hpp;hxx;h++;hm;inl;inc;ipp;xsd</Extensions>
    </Filter>
    <Filter Include="FlexBison">
      <UniqueIdentifier>{67f04cd5-c7b5-43d2-9aa8-41be4c20a8df}</UniqueIdentifier>
      <Extensions>y;l</Extensions>
    </Filter>
    <Filter Include="GeneratedCode">
      <UniqueIdentifier>{0b84bab4-9c63-450e-b40d-614f7f017bc2}</UniqueIdentifier>
    </Filter>
    <Filter Include="Source Files">
      <UniqueIdentifier>{4FC737F1-C7A5-4376-A066-2A32D752A2FF}</UniqueIdentifier>
      <Extensions>cpp;c;cc;cxx;c++;cppm;ixx;def;odl;idl;hpj;bat;asm;asmx</Extensions>
    </Filter>
  </ItemGroup>
  <ItemGroup>
    <ClCompile Include="opcodes.c">
      <Filter>Source Files</Filter>
    </ClCompile>
    <ClCompile Include="stacks.c">
      <Filter>Source Files</Filter>
    </ClCompile>
    <ClCompile Include="pasm.flex.c">
      <Filter>GeneratedCode</Filter>
    </ClCompile>
    <ClCompile Include="pasm.tab.c">
      <Filter>GeneratedCode</Filter>
    </ClCompile>
    <ClCompile Include="str.c">
      <Filter>Source Files</Filter>
    </ClCompile>
    <ClCompile Include="main.c">
      <Filter>Source Files</Filter>
    </ClCompile>
    <ClCompile Include="error.c">
      <Filter>Source Files</Filter>
    </ClCompile>
    <ClCompile Include="file.c">
      <Filter>Source Files</Filter>
    </ClCompile>
    <ClCompile Include="node.c">
      <Filter>Source Files</Filter>
    </ClCompile>
    <ClCompile Include="dictionary.c">
      <Filter>Source Files</Filter>
    </ClCompile>
    <ClCompile Include="expand.c">
      <Filter>Source Files</Filter>
    </ClCompile>
    <ClCompile Include="hash.c">
      <Filter>Source Files</Filter>
    </ClCompile>
    <ClCompile Include="sym.c">
      <Filter>Source Files</Filter>
    </ClCompile>
    <ClCompile Include="genoutput.c">
      <Filter>Source Files</Filter>
    </ClCompile>
    <ClCompile Include="globals.c">
      <Filter>Source Files</Filter>
    </ClCompile>
    <ClCompile Include="memory.c">
      <Filter>Source Files</Filter>
    </ClCompile>
    <ClCompile Include="parseargs.c">
      <Filter>Source Files</Filter>
    </ClCompile>
    <ClCompile Include="genlist.c">
      <Filter>Source Files</Filter>
    </ClCompile>
  </ItemGroup>
  <ItemGroup>
    <Flex Include="pasm.l">
      <Filter>FlexBison</Filter>
    </Flex>
  </ItemGroup>
  <ItemGroup>
    <ClInclude Include="opcodes.h">
      <Filter>Header Files</Filter>
    </ClInclude>
    <ClInclude Include="stacks.h">
      <Filter>Header Files</Filter>
    </ClInclude>
    <ClInclude Include="pasm.h">
      <Filter>Header Files</Filter>
    </ClInclude>
    <ClInclude Include="pasm.tab.h">
      <Filter>GeneratedCode</Filter>
    </ClInclude>
    <ClInclude Include="str.h">
      <Filter>Header Files</Filter>
    </ClInclude>
    <ClInclude Include="sym.h">
      <Filter>Header Files</Filter>
    </ClInclude>
    <ClInclude Include="flex.h">
      <Filter>Header Files</Filter>
    </ClInclude>
    <ClInclude Include="error.h">
      <Filter>Header Files</Filter>
    </ClInclude>
    <ClInclude Include="file.h">
      <Filter>Header Files</Filter>
    </ClInclude>
    <ClInclude Include="node.h">
      <Filter>Header Files</Filter>
    </ClInclude>
    <ClInclude Include="dictionary.h">
      <Filter>Header Files</Filter>
    </ClInclude>
    <ClInclude Include="expand.h">
      <Filter>Header Files</Filter>
    </ClInclude>
    <ClInclude Include="hash.h">
      <Filter>Header Files</Filter>
    </ClInclude>
    <ClInclude Include="genoutput.h">
      <Filter>Header Files</Filter>
    </ClInclude>
    <ClInclude Include="memory.h">
      <Filter>Header Files</Filter>
    </ClInclude>
    <ClInclude Include="parseargs.h">
      <Filter>Header Files</Filter>
    </ClInclude>
    <ClInclude Include="genlist.h">
      <Filter>Header Files</Filter>
    </ClInclude>
  </ItemGroup>
  <ItemGroup>
    <Bison Include="pasm.y">
      <Filter>FlexBison</Filter>
    </Bison>
  </ItemGroup>
</Project>